# This file is generated by running "yarn install" inside your project.
# Manual changes might be lost - proceed with caution!

__metadata:
  version: 6
  cacheKey: 8

"awesome-jest@workspace:.":
  version: 0.0.0-use.local
  resolution: "awesome-jest@workspace:."
  dependencies:
    prettier: ^2.6.2
  languageName: unknown
  linkType: soft

"prettier@npm:^2.6.2":
  version: 2.6.2
  resolution: "prettier@npm:2.6.2"
  bin:
    prettier: bin-prettier.js
  checksum: 48d08dde8e9fb1f5bccdd205baa7f192e9fc8bc98f86e1b97d919de804e28c806b0e6cc685e4a88211aa7987fa9668f30baae19580d87ced3ed0f2ec6572106f
  languageName: node
  linkType: hard
